
Microsoft Visual Studio Solution File, Format Version 12.00
# Visual Studio Version 17
VisualStudioVersion = 17.10.34804.81
MinimumVisualStudioVersion = 10.0.40219.1
Project("{FAE04EC0-301F-11D3-BF4B-00C04F79EFBC}") = "DoAnSever", "DoAnSever\DoAnSever.csproj", "{3F619245-D53C-483B-B5B8-A434C8E99D33}"
EndProject
Global
	GlobalSection(SolutionConfigurationPlatforms) = preSolution
		Debug|Any CPU = Debug|Any CPU
		Release|Any CPU = Release|Any CPU
	EndGlobalSection
	GlobalSection(ProjectConfigurationPlatforms) = postSolution
		{3F619245-D53C-483B-B5B8-A434C8E99D33}.Debug|Any CPU.ActiveCfg = Debug|Any CPU
		{3F619245-D53C-483B-B5B8-A434C8E99D33}.Debug|Any CPU.Build.0 = Debug|Any CPU
		{3F619245-D53C-483B-B5B8-A434C8E99D33}.Release|Any CPU.ActiveCfg = Release|Any CPU
		{3F619245-D53C-483B-B5B8-A434C8E99D33}.Release|Any CPU.Build.0 = Release|Any CPU
	EndGlobalSection
	GlobalSection(SolutionProperties) = preSolution
		HideSolutionNode = FALSE
	EndGlobalSection
	GlobalSection(ExtensibilityGlobals) = postSolution
		SolutionGuid = {4BDABACE-E58A-4153-AAB6-BE9A9A0C0F81}
	EndGlobalSection
EndGlobal
